
Microsoft Visual Studio Solution File, Format Version 12.00
# Visual Studio Version 16
VisualStudioVersion = 16.0.30717.126
MinimumVisualStudioVersion = 10.0.40219.1
Project("{9A19103F-16F7-4668-BE54-9A1E7A4F7556}") = "SchoolPortal.app", "SchoolPortal.app\SchoolPortal.app.csproj", "{6A8A0443-B653-4432-A209-612BD4484037}"
EndProject
Global
	GlobalSection(SolutionConfigurationPlatforms) = preSolution
		Debug|Any CPU = Debug|Any CPU
		Release|Any CPU = Release|Any CPU
	EndGlobalSection
	GlobalSection(ProjectConfigurationPlatforms) = postSolution
		{6A8A0443-B653-4432-A209-612BD4484037}.Debug|Any CPU.ActiveCfg = Debug|Any CPU
		{6A8A0443-B653-4432-A209-612BD4484037}.Debug|Any CPU.Build.0 = Debug|Any CPU
		{6A8A0443-B653-4432-A209-612BD4484037}.Release|Any CPU.ActiveCfg = Release|Any CPU
		{6A8A0443-B653-4432-A209-612BD4484037}.Release|Any CPU.Build.0 = Release|Any CPU
	EndGlobalSection
	GlobalSection(SolutionProperties) = preSolution
		HideSolutionNode = FALSE
	EndGlobalSection
	GlobalSection(ExtensibilityGlobals) = postSolution
		SolutionGuid = {FCA2E643-5112-4675-82EB-F0103D2B4E2D}
	EndGlobalSection
EndGlobal
